
Microsoft Visual Studio Solution File, Format Version 12.00
# Visual Studio Version 17
VisualStudioVersion = 17.0.32112.339
MinimumVisualStudioVersion = 10.0.40219.1
Project("{9A19103F-16F7-4668-BE54-9A1E7A4F7556}") = "SOLID_SingleResponsibilityPrincipe", "SOLID_SingleResponsibilityPrincipe\SOLID_SingleResponsibilityPrincipe.csproj", "{2966FD18-5B54-499C-92EF-483C58BEF8F4}"
EndProject
Project("{9A19103F-16F7-4668-BE54-9A1E7A4F7556}") = "SOLID_OpenClosePrincipe", "SOLID_OpenClosePrincipe\SOLID_OpenClosePrincipe.csproj", "{5804AF64-FD68-452C-9F2B-D965792F2774}"
EndProject
Project("{9A19103F-16F7-4668-BE54-9A1E7A4F7556}") = "SOLID_LiskovschesSubstitutionsprinzip", "SOLID_LiskovschesSubstitutionsprinzip\SOLID_LiskovschesSubstitutionsprinzip.csproj", "{D6D6C144-50E3-484C-A87C-3BE00B916EAD}"
EndProject
Project("{9A19103F-16F7-4668-BE54-9A1E7A4F7556}") = "SOLID_InterfaceSegregationPrincipe", "SOLID_InterfaceSegregationPrincipe\SOLID_InterfaceSegregationPrincipe.csproj", "{A04F10CD-8D4E-48D6-B8BE-1B7ED05D7FA3}"
EndProject
Project("{9A19103F-16F7-4668-BE54-9A1E7A4F7556}") = "SOLID_DependencyInversionPrincipe", "SOLID_DependencyInversionPrincipe\SOLID_DependencyInversionPrincipe.csproj", "{C3BD4D34-89DC-4F0B-B764-E85242B14632}"
EndProject
Project("{9A19103F-16F7-4668-BE54-9A1E7A4F7556}") = "SOLID_Übung", "SOLID_Übung\SOLID_Übung.csproj", "{7921C108-044F-4FE9-AC0C-FAAA7011E106}"
EndProject
Project("{9A19103F-16F7-4668-BE54-9A1E7A4F7556}") = "DelegatesActionFuncPredicate", "DelegatesActionFuncPredicate\DelegatesActionFuncPredicate.csproj", "{87B63283-91B0-449D-932B-1AF0179FB97B}"
EndProject
Project("{9A19103F-16F7-4668-BE54-9A1E7A4F7556}") = "BuilderPattern", "BuilderPattern\BuilderPattern.csproj", "{FD12FECF-1C24-480C-8027-3D68A90D5740}"
EndProject
Project("{9A19103F-16F7-4668-BE54-9A1E7A4F7556}") = "BuilderPatternAbstract", "BuilderPatternAbstract\BuilderPatternAbstract.csproj", "{B31D7883-81DC-4AD1-8C18-F7FD8746174C}"
EndProject
Project("{9A19103F-16F7-4668-BE54-9A1E7A4F7556}") = "BuilderPatternFluent", "BuilderPatternFluent\BuilderPatternFluent.csproj", "{44C2C737-4919-49A7-8C3D-070BC1DF3A6B}"
EndProject
Project("{9A19103F-16F7-4668-BE54-9A1E7A4F7556}") = "Benchmarks", "Benchmarks\Benchmarks.csproj", "{68A29173-46D9-4B2F-BBA7-6870825024E0}"
EndProject
Project("{FAE04EC0-301F-11D3-BF4B-00C04F79EFBC}") = "Thread_001_Start", "Thread_001_Start\Thread_001_Start.csproj", "{60BE0E25-8B7B-44A6-9CF8-B24E8707F48F}"
EndProject
Project("{FAE04EC0-301F-11D3-BF4B-00C04F79EFBC}") = "Thread_002_StartMitParameter", "Thread_002_StartMitParameter\Thread_002_StartMitParameter.csproj", "{3F0FF31B-5FF4-49C9-A43A-D2229B6CD0AE}"
EndProject
Project("{FAE04EC0-301F-11D3-BF4B-00C04F79EFBC}") = "Thread_003_Beenden", "Thread_003_Beenden\Thread_003_Beenden.csproj", "{E75FE2D5-14D4-4EC1-A2CD-061D69018EB6}"
EndProject
Project("{FAE04EC0-301F-11D3-BF4B-00C04F79EFBC}") = "Thread_003_CancellationToken", "Thread_003_CancellationToken\Thread_003_CancellationToken.csproj", "{C2EEC5F8-1108-49ED-B1D1-1E194CB8884D}"
EndProject
Project("{FAE04EC0-301F-11D3-BF4B-00C04F79EFBC}") = "Thread_004_ParameterUndReturn", "Thread_004_ParameterUndReturn\Thread_004_ParameterUndReturn.csproj", "{67ED2426-6676-497B-8F83-B28A434DAD2D}"
EndProject
Project("{FAE04EC0-301F-11D3-BF4B-00C04F79EFBC}") = "Thread_005_CallbackThread", "Thread_005_CallbackThread\Thread_005_CallbackThread.csproj", "{036159C5-5EFE-4B84-8777-6193C67F8FBF}"
EndProject
Project("{FAE04EC0-301F-11D3-BF4B-00C04F79EFBC}") = "Thread_006_ThreadPool", "Thread_006_ThreadPool\Thread_006_ThreadPool.csproj", "{6D5803A2-95F2-40B7-BF2D-9AFD7806DE75}"
EndProject
Project("{FAE04EC0-301F-11D3-BF4B-00C04F79EFBC}") = "Thread_007_Lock", "Thread_007_Lock\Thread_007_Lock.csproj", "{C2406E3E-B92E-4C0C-BB0E-DE656B4778C6}"
EndProject
Project("{FAE04EC0-301F-11D3-BF4B-00C04F79EFBC}") = "Thread_008_Monitor", "Thread_008_Monitor\Thread_008_Monitor.csproj", "{E474A548-03B7-43C7-8271-F15AF75C5ADC}"
EndProject
Project("{FAE04EC0-301F-11D3-BF4B-00C04F79EFBC}") = "Thread_009_Mutex", "Thread_009_Mutex\Thread_009_Mutex.csproj", "{E68B4EEE-8369-4FEF-B655-AC7C53D1B7F9}"
EndProject
Project("{FAE04EC0-301F-11D3-BF4B-00C04F79EFBC}") = "Thread_010_Semaphore", "Thread_010_Semaphore\Thread_010_Semaphore.csproj", "{6E5237EE-0D1D-4FF8-BCB2-1E1E7C2CAC7A}"
EndProject
Project("{FAE04EC0-301F-11D3-BF4B-00C04F79EFBC}") = "TPL_001_Start", "TPL_001_Start\TPL_001_Start.csproj", "{F71A3792-5139-409C-97B5-4F197192AEF8}"
EndProject
Project("{FAE04EC0-301F-11D3-BF4B-00C04F79EFBC}") = "TPL_002_Beenden", "TPL_002_Beenden\TPL_002_Beenden.csproj", "{92202270-A955-4E6C-A27E-A7EAF457B1BE}"
EndProject
Project("{FAE04EC0-301F-11D3-BF4B-00C04F79EFBC}") = "TPL_003_TaskMitReturn", "TPL_003_TaskMitReturn\TPL_003_TaskMitReturn.csproj", "{92D6999B-2EBC-4263-863E-732D0D7BCF61}"
EndProject
Project("{FAE04EC0-301F-11D3-BF4B-00C04F79EFBC}") = "TPL_004_Exceptions", "TPL_004_Exceptions\TPL_004_Exceptions.csproj", "{66A5023C-FFED-430F-A960-C2578196D015}"
EndProject
Project("{FAE04EC0-301F-11D3-BF4B-00C04F79EFBC}") = "TPL_005_AsyncAwait", "TPL_005_AsyncAwait\TPL_005_AsyncAwait.csproj", "{471B18B3-5F46-460A-B683-0317DC3D17DD}"
EndProject
Project("{FAE04EC0-301F-11D3-BF4B-00C04F79EFBC}") = "TPL_006_Continue", "TPL_006_Continue\TPL_006_Continue.csproj", "{85A3835B-3FB9-4E63-905C-4297B0B1B33C}"
EndProject
Project("{FAE04EC0-301F-11D3-BF4B-00C04F79EFBC}") = "TPL_007_ContinueWithParams", "TPL_007_ContinueWithParams\TPL_007_ContinueWithParams.csproj", "{20E1D703-A2AF-447B-B194-14203AEB4C6B}"
EndProject
Project("{FAE04EC0-301F-11D3-BF4B-00C04F79EFBC}") = "TPL_008_WhenAll", "TPL_008_WhenAll\TPL_008_WhenAll.csproj", "{5CD0458A-0B7C-4C4F-9E08-B0BCC183B024}"
EndProject
Project("{FAE04EC0-301F-11D3-BF4B-00C04F79EFBC}") = "TPL_009_Unwrap", "TPL_009_WhenAny\TPL_009_Unwrap.csproj", "{C34D77F8-BE5F-49FC-ABD2-9448600EC9F7}"
EndProject
Project("{FAE04EC0-301F-11D3-BF4B-00C04F79EFBC}") = "TPL_Übung", "TPL_Übung\TPL_Übung.csproj", "{30488653-4AAA-47E5-B498-710846780897}"
EndProject
Global
	GlobalSection(SolutionConfigurationPlatforms) = preSolution
		Debug|Any CPU = Debug|Any CPU
		Release|Any CPU = Release|Any CPU
	EndGlobalSection
	GlobalSection(ProjectConfigurationPlatforms) = postSolution
		{2966FD18-5B54-499C-92EF-483C58BEF8F4}.Debug|Any CPU.ActiveCfg = Debug|Any CPU
		{2966FD18-5B54-499C-92EF-483C58BEF8F4}.Debug|Any CPU.Build.0 = Debug|Any CPU
		{2966FD18-5B54-499C-92EF-483C58BEF8F4}.Release|Any CPU.ActiveCfg = Release|Any CPU
		{2966FD18-5B54-499C-92EF-483C58BEF8F4}.Release|Any CPU.Build.0 = Release|Any CPU
		{5804AF64-FD68-452C-9F2B-D965792F2774}.Debug|Any CPU.ActiveCfg = Debug|Any CPU
		{5804AF64-FD68-452C-9F2B-D965792F2774}.Debug|Any CPU.Build.0 = Debug|Any CPU
		{5804AF64-FD68-452C-9F2B-D965792F2774}.Release|Any CPU.ActiveCfg = Release|Any CPU
		{5804AF64-FD68-452C-9F2B-D965792F2774}.Release|Any CPU.Build.0 = Release|Any CPU
		{D6D6C144-50E3-484C-A87C-3BE00B916EAD}.Debug|Any CPU.ActiveCfg = Debug|Any CPU
		{D6D6C144-50E3-484C-A87C-3BE00B916EAD}.Debug|Any CPU.Build.0 = Debug|Any CPU
		{D6D6C144-50E3-484C-A87C-3BE00B916EAD}.Release|Any CPU.ActiveCfg = Release|Any CPU
		{D6D6C144-50E3-484C-A87C-3BE00B916EAD}.Release|Any CPU.Build.0 = Release|Any CPU
		{A04F10CD-8D4E-48D6-B8BE-1B7ED05D7FA3}.Debug|Any CPU.ActiveCfg = Debug|Any CPU
		{A04F10CD-8D4E-48D6-B8BE-1B7ED05D7FA3}.Debug|Any CPU.Build.0 = Debug|Any CPU
		{A04F10CD-8D4E-48D6-B8BE-1B7ED05D7FA3}.Release|Any CPU.ActiveCfg = Release|Any CPU
		{A04F10CD-8D4E-48D6-B8BE-1B7ED05D7FA3}.Release|Any CPU.Build.0 = Release|Any CPU
		{C3BD4D34-89DC-4F0B-B764-E85242B14632}.Debug|Any CPU.ActiveCfg = Debug|Any CPU
		{C3BD4D34-89DC-4F0B-B764-E85242B14632}.Debug|Any CPU.Build.0 = Debug|Any CPU
		{C3BD4D34-89DC-4F0B-B764-E85242B14632}.Release|Any CPU.ActiveCfg = Release|Any CPU
		{C3BD4D34-89DC-4F0B-B764-E85242B14632}.Release|Any CPU.Build.0 = Release|Any CPU
		{7921C108-044F-4FE9-AC0C-FAAA7011E106}.Debug|Any CPU.ActiveCfg = Debug|Any CPU
		{7921C108-044F-4FE9-AC0C-FAAA7011E106}.Debug|Any CPU.Build.0 = Debug|Any CPU
		{7921C108-044F-4FE9-AC0C-FAAA7011E106}.Release|Any CPU.ActiveCfg = Release|Any CPU
		{7921C108-044F-4FE9-AC0C-FAAA7011E106}.Release|Any CPU.Build.0 = Release|Any CPU
		{87B63283-91B0-449D-932B-1AF0179FB97B}.Debug|Any CPU.ActiveCfg = Debug|Any CPU
		{87B63283-91B0-449D-932B-1AF0179FB97B}.Debug|Any CPU.Build.0 = Debug|Any CPU
		{87B63283-91B0-449D-932B-1AF0179FB97B}.Release|Any CPU.ActiveCfg = Release|Any CPU
		{87B63283-91B0-449D-932B-1AF0179FB97B}.Release|Any CPU.Build.0 = Release|Any CPU
		{FD12FECF-1C24-480C-8027-3D68A90D5740}.Debug|Any CPU.ActiveCfg = Debug|Any CPU
		{FD12FECF-1C24-480C-8027-3D68A90D5740}.Debug|Any CPU.Build.0 = Debug|Any CPU
		{FD12FECF-1C24-480C-8027-3D68A90D5740}.Release|Any CPU.ActiveCfg = Release|Any CPU
		{FD12FECF-1C24-480C-8027-3D68A90D5740}.Release|Any CPU.Build.0 = Release|Any CPU
		{B31D7883-81DC-4AD1-8C18-F7FD8746174C}.Debug|Any CPU.ActiveCfg = Debug|Any CPU
		{B31D7883-81DC-4AD1-8C18-F7FD8746174C}.Debug|Any CPU.Build.0 = Debug|Any CPU
		{B31D7883-81DC-4AD1-8C18-F7FD8746174C}.Release|Any CPU.ActiveCfg = Release|Any CPU
		{B31D7883-81DC-4AD1-8C18-F7FD8746174C}.Release|Any CPU.Build.0 = Release|Any CPU
		{44C2C737-4919-49A7-8C3D-070BC1DF3A6B}.Debug|Any CPU.ActiveCfg = Debug|Any CPU
		{44C2C737-4919-49A7-8C3D-070BC1DF3A6B}.Debug|Any CPU.Build.0 = Debug|Any CPU
		{44C2C737-4919-49A7-8C3D-070BC1DF3A6B}.Release|Any CPU.ActiveCfg = Release|Any CPU
		{44C2C737-4919-49A7-8C3D-070BC1DF3A6B}.Release|Any CPU.Build.0 = Release|Any CPU
		{68A29173-46D9-4B2F-BBA7-6870825024E0}.Debug|Any CPU.ActiveCfg = Debug|Any CPU
		{68A29173-46D9-4B2F-BBA7-6870825024E0}.Debug|Any CPU.Build.0 = Debug|Any CPU
		{68A29173-46D9-4B2F-BBA7-6870825024E0}.Release|Any CPU.ActiveCfg = Release|Any CPU
		{68A29173-46D9-4B2F-BBA7-6870825024E0}.Release|Any CPU.Build.0 = Release|Any CPU
		{60BE0E25-8B7B-44A6-9CF8-B24E8707F48F}.Debug|Any CPU.ActiveCfg = Debug|Any CPU
		{60BE0E25-8B7B-44A6-9CF8-B24E8707F48F}.Debug|Any CPU.Build.0 = Debug|Any CPU
		{60BE0E25-8B7B-44A6-9CF8-B24E8707F48F}.Release|Any CPU.ActiveCfg = Release|Any CPU
		{60BE0E25-8B7B-44A6-9CF8-B24E8707F48F}.Release|Any CPU.Build.0 = Release|Any CPU
		{3F0FF31B-5FF4-49C9-A43A-D2229B6CD0AE}.Debug|Any CPU.ActiveCfg = Debug|Any CPU
		{3F0FF31B-5FF4-49C9-A43A-D2229B6CD0AE}.Debug|Any CPU.Build.0 = Debug|Any CPU
		{3F0FF31B-5FF4-49C9-A43A-D2229B6CD0AE}.Release|Any CPU.ActiveCfg = Release|Any CPU
		{3F0FF31B-5FF4-49C9-A43A-D2229B6CD0AE}.Release|Any CPU.Build.0 = Release|Any CPU
		{E75FE2D5-14D4-4EC1-A2CD-061D69018EB6}.Debug|Any CPU.ActiveCfg = Debug|Any CPU
		{E75FE2D5-14D4-4EC1-A2CD-061D69018EB6}.Debug|Any CPU.Build.0 = Debug|Any CPU
		{E75FE2D5-14D4-4EC1-A2CD-061D69018EB6}.Release|Any CPU.ActiveCfg = Release|Any CPU
		{E75FE2D5-14D4-4EC1-A2CD-061D69018EB6}.Release|Any CPU.Build.0 = Release|Any CPU
		{C2EEC5F8-1108-49ED-B1D1-1E194CB8884D}.Debug|Any CPU.ActiveCfg = Debug|Any CPU
		{C2EEC5F8-1108-49ED-B1D1-1E194CB8884D}.Debug|Any CPU.Build.0 = Debug|Any CPU
		{C2EEC5F8-1108-49ED-B1D1-1E194CB8884D}.Release|Any CPU.ActiveCfg = Release|Any CPU
		{C2EEC5F8-1108-49ED-B1D1-1E194CB8884D}.Release|Any CPU.Build.0 = Release|Any CPU
		{67ED2426-6676-497B-8F83-B28A434DAD2D}.Debug|Any CPU.ActiveCfg = Debug|Any CPU
		{67ED2426-6676-497B-8F83-B28A434DAD2D}.Debug|Any CPU.Build.0 = Debug|Any CPU
		{67ED2426-6676-497B-8F83-B28A434DAD2D}.Release|Any CPU.ActiveCfg = Release|Any CPU
		{67ED2426-6676-497B-8F83-B28A434DAD2D}.Release|Any CPU.Build.0 = Release|Any CPU
		{036159C5-5EFE-4B84-8777-6193C67F8FBF}.Debug|Any CPU.ActiveCfg = Debug|Any CPU
		{036159C5-5EFE-4B84-8777-6193C67F8FBF}.Debug|Any CPU.Build.0 = Debug|Any CPU
		{036159C5-5EFE-4B84-8777-6193C67F8FBF}.Release|Any CPU.ActiveCfg = Release|Any CPU
		{036159C5-5EFE-4B84-8777-6193C67F8FBF}.Release|Any CPU.Build.0 = Release|Any CPU
		{6D5803A2-95F2-40B7-BF2D-9AFD7806DE75}.Debug|Any CPU.ActiveCfg = Debug|Any CPU
		{6D5803A2-95F2-40B7-BF2D-9AFD7806DE75}.Debug|Any CPU.Build.0 = Debug|Any CPU
		{6D5803A2-95F2-40B7-BF2D-9AFD7806DE75}.Release|Any CPU.ActiveCfg = Release|Any CPU
		{6D5803A2-95F2-40B7-BF2D-9AFD7806DE75}.Release|Any CPU.Build.0 = Release|Any CPU
		{C2406E3E-B92E-4C0C-BB0E-DE656B4778C6}.Debug|Any CPU.ActiveCfg = Debug|Any CPU
		{C2406E3E-B92E-4C0C-BB0E-DE656B4778C6}.Debug|Any CPU.Build.0 = Debug|Any CPU
		{C2406E3E-B92E-4C0C-BB0E-DE656B4778C6}.Release|Any CPU.ActiveCfg = Release|Any CPU
		{C2406E3E-B92E-4C0C-BB0E-DE656B4778C6}.Release|Any CPU.Build.0 = Release|Any CPU
		{E474A548-03B7-43C7-8271-F15AF75C5ADC}.Debug|Any CPU.ActiveCfg = Debug|Any CPU
		{E474A548-03B7-43C7-8271-F15AF75C5ADC}.Debug|Any CPU.Build.0 = Debug|Any CPU
		{E474A548-03B7-43C7-8271-F15AF75C5ADC}.Release|Any CPU.ActiveCfg = Release|Any CPU
		{E474A548-03B7-43C7-8271-F15AF75C5ADC}.Release|Any CPU.Build.0 = Release|Any CPU
		{E68B4EEE-8369-4FEF-B655-AC7C53D1B7F9}.Debug|Any CPU.ActiveCfg = Debug|Any CPU
		{E68B4EEE-8369-4FEF-B655-AC7C53D1B7F9}.Debug|Any CPU.Build.0 = Debug|Any CPU
		{E68B4EEE-8369-4FEF-B655-AC7C53D1B7F9}.Release|Any CPU.ActiveCfg = Release|Any CPU
		{E68B4EEE-8369-4FEF-B655-AC7C53D1B7F9}.Release|Any CPU.Build.0 = Release|Any CPU
		{6E5237EE-0D1D-4FF8-BCB2-1E1E7C2CAC7A}.Debug|Any CPU.ActiveCfg = Debug|Any CPU
		{6E5237EE-0D1D-4FF8-BCB2-1E1E7C2CAC7A}.Debug|Any CPU.Build.0 = Debug|Any CPU
		{6E5237EE-0D1D-4FF8-BCB2-1E1E7C2CAC7A}.Release|Any CPU.ActiveCfg = Release|Any CPU
		{6E5237EE-0D1D-4FF8-BCB2-1E1E7C2CAC7A}.Release|Any CPU.Build.0 = Release|Any CPU
		{F71A3792-5139-409C-97B5-4F197192AEF8}.Debug|Any CPU.ActiveCfg = Debug|Any CPU
		{F71A3792-5139-409C-97B5-4F197192AEF8}.Debug|Any CPU.Build.0 = Debug|Any CPU
		{F71A3792-5139-409C-97B5-4F197192AEF8}.Release|Any CPU.ActiveCfg = Release|Any CPU
		{F71A3792-5139-409C-97B5-4F197192AEF8}.Release|Any CPU.Build.0 = Release|Any CPU
		{92202270-A955-4E6C-A27E-A7EAF457B1BE}.Debug|Any CPU.ActiveCfg = Debug|Any CPU
		{92202270-A955-4E6C-A27E-A7EAF457B1BE}.Debug|Any CPU.Build.0 = Debug|Any CPU
		{92202270-A955-4E6C-A27E-A7EAF457B1BE}.Release|Any CPU.ActiveCfg = Release|Any CPU
		{92202270-A955-4E6C-A27E-A7EAF457B1BE}.Release|Any CPU.Build.0 = Release|Any CPU
		{92D6999B-2EBC-4263-863E-732D0D7BCF61}.Debug|Any CPU.ActiveCfg = Debug|Any CPU
		{92D6999B-2EBC-4263-863E-732D0D7BCF61}.Debug|Any CPU.Build.0 = Debug|Any CPU
		{92D6999B-2EBC-4263-863E-732D0D7BCF61}.Release|Any CPU.ActiveCfg = Release|Any CPU
		{92D6999B-2EBC-4263-863E-732D0D7BCF61}.Release|Any CPU.Build.0 = Release|Any CPU
		{66A5023C-FFED-430F-A960-C2578196D015}.Debug|Any CPU.ActiveCfg = Debug|Any CPU
		{66A5023C-FFED-430F-A960-C2578196D015}.Debug|Any CPU.Build.0 = Debug|Any CPU
		{66A5023C-FFED-430F-A960-C2578196D015}.Release|Any CPU.ActiveCfg = Release|Any CPU
		{66A5023C-FFED-430F-A960-C2578196D015}.Release|Any CPU.Build.0 = Release|Any CPU
		{471B18B3-5F46-460A-B683-0317DC3D17DD}.Debug|Any CPU.ActiveCfg = Debug|Any CPU
		{471B18B3-5F46-460A-B683-0317DC3D17DD}.Debug|Any CPU.Build.0 = Debug|Any CPU
		{471B18B3-5F46-460A-B683-0317DC3D17DD}.Release|Any CPU.ActiveCfg = Release|Any CPU
		{471B18B3-5F46-460A-B683-0317DC3D17DD}.Release|Any CPU.Build.0 = Release|Any CPU
		{85A3835B-3FB9-4E63-905C-4297B0B1B33C}.Debug|Any CPU.ActiveCfg = Debug|Any CPU
		{85A3835B-3FB9-4E63-905C-4297B0B1B33C}.Debug|Any CPU.Build.0 = Debug|Any CPU
		{85A3835B-3FB9-4E63-905C-4297B0B1B33C}.Release|Any CPU.ActiveCfg = Release|Any CPU
		{85A3835B-3FB9-4E63-905C-4297B0B1B33C}.Release|Any CPU.Build.0 = Release|Any CPU
		{20E1D703-A2AF-447B-B194-14203AEB4C6B}.Debug|Any CPU.ActiveCfg = Debug|Any CPU
		{20E1D703-A2AF-447B-B194-14203AEB4C6B}.Debug|Any CPU.Build.0 = Debug|Any CPU
		{20E1D703-A2AF-447B-B194-14203AEB4C6B}.Release|Any CPU.ActiveCfg = Release|Any CPU
		{20E1D703-A2AF-447B-B194-14203AEB4C6B}.Release|Any CPU.Build.0 = Release|Any CPU
		{5CD0458A-0B7C-4C4F-9E08-B0BCC183B024}.Debug|Any CPU.ActiveCfg = Debug|Any CPU
		{5CD0458A-0B7C-4C4F-9E08-B0BCC183B024}.Debug|Any CPU.Build.0 = Debug|Any CPU
		{5CD0458A-0B7C-4C4F-9E08-B0BCC183B024}.Release|Any CPU.ActiveCfg = Release|Any CPU
		{5CD0458A-0B7C-4C4F-9E08-B0BCC183B024}.Release|Any CPU.Build.0 = Release|Any CPU
		{C34D77F8-BE5F-49FC-ABD2-9448600EC9F7}.Debug|Any CPU.ActiveCfg = Debug|Any CPU
		{C34D77F8-BE5F-49FC-ABD2-9448600EC9F7}.Debug|Any CPU.Build.0 = Debug|Any CPU
		{C34D77F8-BE5F-49FC-ABD2-9448600EC9F7}.Release|Any CPU.ActiveCfg = Release|Any CPU
		{C34D77F8-BE5F-49FC-ABD2-9448600EC9F7}.Release|Any CPU.Build.0 = Release|Any CPU
		{30488653-4AAA-47E5-B498-710846780897}.Debug|Any CPU.ActiveCfg = Debug|Any CPU
		{30488653-4AAA-47E5-B498-710846780897}.Debug|Any CPU.Build.0 = Debug|Any CPU
		{30488653-4AAA-47E5-B498-710846780897}.Release|Any CPU.ActiveCfg = Release|Any CPU
		{30488653-4AAA-47E5-B498-710846780897}.Release|Any CPU.Build.0 = Release|Any CPU
	EndGlobalSection
	GlobalSection(SolutionProperties) = preSolution
		HideSolutionNode = FALSE
	EndGlobalSection
	GlobalSection(ExtensibilityGlobals) = postSolution
		SolutionGuid = {AE523E56-BD5A-46E4-B3D5-CEEFDA0ACD65}
	EndGlobalSection
EndGlobal
